
Microsoft Visual Studio Solution File, Format Version 12.00
# Visual Studio Version 17
VisualStudioVersion = 17.1.32228.430
MinimumVisualStudioVersion = 10.0.40219.1
Project("{9A19103F-16F7-4668-BE54-9A1E7A4F7556}") = "TestChecker.Runner", "..\..\..\..\..\..\Nuget\TestChecker.Runner\TestChecker.Runner.csproj", "{DB5B95E7-423D-46C2-A4CA-31E9F58C90CE}"
EndProject
Project("{9A19103F-16F7-4668-BE54-9A1E7A4F7556}") = "TestChecker.Core", "..\..\..\..\..\..\Nuget\TestChecker.Core\TestChecker.Core.csproj", "{24897CF7-238C-4BA6-AA0D-DEC9BA7DCD00}"
EndProject
Project("{9A19103F-16F7-4668-BE54-9A1E7A4F7556}") = "WebApplicationOldChild", "WebApplicationOldChild\WebApplicationOldChild.csproj", "{6E213BBE-26E3-4AD7-969D-929756D3897C}"
EndProject
Global
	GlobalSection(SolutionConfigurationPlatforms) = preSolution
		Debug|Any CPU = Debug|Any CPU
		Release|Any CPU = Release|Any CPU
	EndGlobalSection
	GlobalSection(ProjectConfigurationPlatforms) = postSolution
		{DB5B95E7-423D-46C2-A4CA-31E9F58C90CE}.Debug|Any CPU.ActiveCfg = Debug|Any CPU
		{DB5B95E7-423D-46C2-A4CA-31E9F58C90CE}.Debug|Any CPU.Build.0 = Debug|Any CPU
		{DB5B95E7-423D-46C2-A4CA-31E9F58C90CE}.Release|Any CPU.ActiveCfg = Release|Any CPU
		{DB5B95E7-423D-46C2-A4CA-31E9F58C90CE}.Release|Any CPU.Build.0 = Release|Any CPU
		{24897CF7-238C-4BA6-AA0D-DEC9BA7DCD00}.Debug|Any CPU.ActiveCfg = Debug|Any CPU
		{24897CF7-238C-4BA6-AA0D-DEC9BA7DCD00}.Debug|Any CPU.Build.0 = Debug|Any CPU
		{24897CF7-238C-4BA6-AA0D-DEC9BA7DCD00}.Release|Any CPU.ActiveCfg = Release|Any CPU
		{24897CF7-238C-4BA6-AA0D-DEC9BA7DCD00}.Release|Any CPU.Build.0 = Release|Any CPU
		{6E213BBE-26E3-4AD7-969D-929756D3897C}.Debug|Any CPU.ActiveCfg = Debug|Any CPU
		{6E213BBE-26E3-4AD7-969D-929756D3897C}.Debug|Any CPU.Build.0 = Debug|Any CPU
		{6E213BBE-26E3-4AD7-969D-929756D3897C}.Release|Any CPU.ActiveCfg = Release|Any CPU
		{6E213BBE-26E3-4AD7-969D-929756D3897C}.Release|Any CPU.Build.0 = Release|Any CPU
	EndGlobalSection
	GlobalSection(SolutionProperties) = preSolution
		HideSolutionNode = FALSE
	EndGlobalSection
	GlobalSection(ExtensibilityGlobals) = postSolution
		SolutionGuid = {23CE2C51-BFD8-4DE8-B525-32FBC1773F3E}
	EndGlobalSection
EndGlobal
