
Microsoft Visual Studio Solution File, Format Version 12.00
# Visual Studio Version 16
VisualStudioVersion = 16.0.28803.202
MinimumVisualStudioVersion = 10.0.40219.1
Project("{9A19103F-16F7-4668-BE54-9A1E7A4F7556}") = "TestChecker.Runner", "TestChecker.Runner\TestChecker.Runner.csproj", "{6C1F4321-4DD8-43D5-BCC7-67844B505C90}"
EndProject
Project("{9A19103F-16F7-4668-BE54-9A1E7A4F7556}") = "TestChecker.Core", "TestChecker.Core\TestChecker.Core.csproj", "{49713EEA-AA8D-41F0-986F-4CB3F2EF8651}"
EndProject
Global
	GlobalSection(SolutionConfigurationPlatforms) = preSolution
		Debug|Any CPU = Debug|Any CPU
		Release|Any CPU = Release|Any CPU
	EndGlobalSection
	GlobalSection(ProjectConfigurationPlatforms) = postSolution
		{6C1F4321-4DD8-43D5-BCC7-67844B505C90}.Debug|Any CPU.ActiveCfg = Debug|Any CPU
		{6C1F4321-4DD8-43D5-BCC7-67844B505C90}.Debug|Any CPU.Build.0 = Debug|Any CPU
		{6C1F4321-4DD8-43D5-BCC7-67844B505C90}.Release|Any CPU.ActiveCfg = Release|Any CPU
		{6C1F4321-4DD8-43D5-BCC7-67844B505C90}.Release|Any CPU.Build.0 = Release|Any CPU
		{49713EEA-AA8D-41F0-986F-4CB3F2EF8651}.Debug|Any CPU.ActiveCfg = Debug|Any CPU
		{49713EEA-AA8D-41F0-986F-4CB3F2EF8651}.Debug|Any CPU.Build.0 = Debug|Any CPU
		{49713EEA-AA8D-41F0-986F-4CB3F2EF8651}.Release|Any CPU.ActiveCfg = Release|Any CPU
		{49713EEA-AA8D-41F0-986F-4CB3F2EF8651}.Release|Any CPU.Build.0 = Release|Any CPU
	EndGlobalSection
	GlobalSection(SolutionProperties) = preSolution
		HideSolutionNode = FALSE
	EndGlobalSection
	GlobalSection(ExtensibilityGlobals) = postSolution
		SolutionGuid = {ADABD15E-143D-4380-92AA-06B4BAB39FCC}
	EndGlobalSection
EndGlobal
